// !$*UTF8*$!
{
	archiveVersion = 1;
	classes = {
	};
	objectVersion = 50;
	objects = {

/* Begin PBXBuildFile section */
		AD525D3925DB423500B00A13 /* AnimalDetailView.swift in Sources */ = {isa = PBXBuildFile; fileRef = AD525D3825DB423500B00A13 /* AnimalDetailView.swift */; };
		AD65123925D19FA10039104B /* AnimalListItemView.swift in Sources */ = {isa = PBXBuildFile; fileRef = AD65123825D19FA10039104B /* AnimalListItemView.swift */; };
		AD65123D25D1A22A0039104B /* AnimalModel.swift in Sources */ = {isa = PBXBuildFile; fileRef = AD65123C25D1A22A0039104B /* AnimalModel.swift */; };
		ADA99ED025D084DE0044EA2D /* CoverImageModel.swift in Sources */ = {isa = PBXBuildFile; fileRef = ADA99ECF25D084DE0044EA2D /* CoverImageModel.swift */; };
		ADA99ED425D0865D0044EA2D /* CodeableBundleExtension.swift in Sources */ = {isa = PBXBuildFile; fileRef = ADA99ED325D0865D0044EA2D /* CodeableBundleExtension.swift */; };
		ADB2053025D0419500C98338 /* CoverImageView.swift in Sources */ = {isa = PBXBuildFile; fileRef = ADB2052F25D0419500C98338 /* CoverImageView.swift */; };
		ADC4053E25C73DA4003E3671 /* VideoListView.swift in Sources */ = {isa = PBXBuildFile; fileRef = ADC4053D25C73DA4003E3671 /* VideoListView.swift */; };
		ADC4054125C73DB8003E3671 /* MapView.swift in Sources */ = {isa = PBXBuildFile; fileRef = ADC4054025C73DB8003E3671 /* MapView.swift */; };
		ADC4054425C73DCC003E3671 /* GalleryView.swift in Sources */ = {isa = PBXBuildFile; fileRef = ADC4054325C73DCC003E3671 /* GalleryView.swift */; };
		ADC4054725C73DDB003E3671 /* MainView.swift in Sources */ = {isa = PBXBuildFile; fileRef = ADC4054625C73DDB003E3671 /* MainView.swift */; };
		ADCD265825C5D42C00004846 /* AfricaApp.swift in Sources */ = {isa = PBXBuildFile; fileRef = ADCD265725C5D42C00004846 /* AfricaApp.swift */; };
		ADCD265A25C5D42C00004846 /* ContentView.swift in Sources */ = {isa = PBXBuildFile; fileRef = ADCD265925C5D42C00004846 /* ContentView.swift */; };
		ADCD265C25C5D43000004846 /* Assets.xcassets in Resources */ = {isa = PBXBuildFile; fileRef = ADCD265B25C5D43000004846 /* Assets.xcassets */; };
		ADCD265F25C5D43000004846 /* Preview Assets.xcassets in Resources */ = {isa = PBXBuildFile; fileRef = ADCD265E25C5D43000004846 /* Preview Assets.xcassets */; };
		ADCD267225C5D69B00004846 /* cheetah.mp4 in Resources */ = {isa = PBXBuildFile; fileRef = ADCD266825C5D69A00004846 /* cheetah.mp4 */; };
		ADCD267325C5D69B00004846 /* zebra.mp4 in Resources */ = {isa = PBXBuildFile; fileRef = ADCD266925C5D69A00004846 /* zebra.mp4 */; };
		ADCD267425C5D69B00004846 /* elephant.mp4 in Resources */ = {isa = PBXBuildFile; fileRef = ADCD266A25C5D69A00004846 /* elephant.mp4 */; };
		ADCD267525C5D69B00004846 /* hippo.mp4 in Resources */ = {isa = PBXBuildFile; fileRef = ADCD266B25C5D69A00004846 /* hippo.mp4 */; };
		ADCD267625C5D69B00004846 /* lion.mp4 in Resources */ = {isa = PBXBuildFile; fileRef = ADCD266C25C5D69A00004846 /* lion.mp4 */; };
		ADCD267725C5D69B00004846 /* gorilla.mp4 in Resources */ = {isa = PBXBuildFile; fileRef = ADCD266D25C5D69B00004846 /* gorilla.mp4 */; };
		ADCD267825C5D69B00004846 /* lioness.mp4 in Resources */ = {isa = PBXBuildFile; fileRef = ADCD266E25C5D69B00004846 /* lioness.mp4 */; };
		ADCD267925C5D69B00004846 /* ostrich.mp4 in Resources */ = {isa = PBXBuildFile; fileRef = ADCD266F25C5D69B00004846 /* ostrich.mp4 */; };
		ADCD267A25C5D69B00004846 /* rhino.mp4 in Resources */ = {isa = PBXBuildFile; fileRef = ADCD267025C5D69B00004846 /* rhino.mp4 */; };
		ADCD267B25C5D69B00004846 /* giraffe.mp4 in Resources */ = {isa = PBXBuildFile; fileRef = ADCD267125C5D69B00004846 /* giraffe.mp4 */; };
		ADCD268225C5D6DE00004846 /* locations.json in Resources */ = {isa = PBXBuildFile; fileRef = ADCD267E25C5D6DE00004846 /* locations.json */; };
		ADCD268325C5D6DE00004846 /* animals.json in Resources */ = {isa = PBXBuildFile; fileRef = ADCD267F25C5D6DE00004846 /* animals.json */; };
		ADCD268425C5D6DE00004846 /* covers.json in Resources */ = {isa = PBXBuildFile; fileRef = ADCD268025C5D6DE00004846 /* covers.json */; };
		ADCD268525C5D6DE00004846 /* videos.json in Resources */ = {isa = PBXBuildFile; fileRef = ADCD268125C5D6DE00004846 /* videos.json */; };
		ADF7FCCC25F1748D0049D536 /* HeadingView.swift in Sources */ = {isa = PBXBuildFile; fileRef = ADF7FCCB25F1748D0049D536 /* HeadingView.swift */; };
		ADF7FCCF25F176EE0049D536 /* InsetGalleryView.swift in Sources */ = {isa = PBXBuildFile; fileRef = ADF7FCCE25F176EE0049D536 /* InsetGalleryView.swift */; };
		ADF7FCD225F180480049D536 /* InsetFactView.swift in Sources */ = {isa = PBXBuildFile; fileRef = ADF7FCD125F180480049D536 /* InsetFactView.swift */; };
		ADF7FCD525F184E80049D536 /* InsetMapView.swift in Sources */ = {isa = PBXBuildFile; fileRef = ADF7FCD425F184E80049D536 /* InsetMapView.swift */; };
/* End PBXBuildFile section */

/* Begin PBXFileReference section */
		AD525D3825DB423500B00A13 /* AnimalDetailView.swift */ = {isa = PBXFileReference; lastKnownFileType = sourcecode.swift; path = AnimalDetailView.swift; sourceTree = "<group>"; };
		AD65123825D19FA10039104B /* AnimalListItemView.swift */ = {isa = PBXFileReference; lastKnownFileType = sourcecode.swift; path = AnimalListItemView.swift; sourceTree = "<group>"; };
		AD65123C25D1A22A0039104B /* AnimalModel.swift */ = {isa = PBXFileReference; lastKnownFileType = sourcecode.swift; path = AnimalModel.swift; sourceTree = "<group>"; };
		ADA99ECF25D084DE0044EA2D /* CoverImageModel.swift */ = {isa = PBXFileReference; lastKnownFileType = sourcecode.swift; path = CoverImageModel.swift; sourceTree = "<group>"; };
		ADA99ED325D0865D0044EA2D /* CodeableBundleExtension.swift */ = {isa = PBXFileReference; lastKnownFileType = sourcecode.swift; path = CodeableBundleExtension.swift; sourceTree = "<group>"; };
		ADB2052F25D0419500C98338 /* CoverImageView.swift */ = {isa = PBXFileReference; lastKnownFileType = sourcecode.swift; path = CoverImageView.swift; sourceTree = "<group>"; };
		ADC4053D25C73DA4003E3671 /* VideoListView.swift */ = {isa = PBXFileReference; lastKnownFileType = sourcecode.swift; path = VideoListView.swift; sourceTree = "<group>"; };
		ADC4054025C73DB8003E3671 /* MapView.swift */ = {isa = PBXFileReference; lastKnownFileType = sourcecode.swift; path = MapView.swift; sourceTree = "<group>"; };
		ADC4054325C73DCC003E3671 /* GalleryView.swift */ = {isa = PBXFileReference; lastKnownFileType = sourcecode.swift; path = GalleryView.swift; sourceTree = "<group>"; };
		ADC4054625C73DDB003E3671 /* MainView.swift */ = {isa = PBXFileReference; lastKnownFileType = sourcecode.swift; path = MainView.swift; sourceTree = "<group>"; };
		ADCD265425C5D42C00004846 /* Africa.app */ = {isa = PBXFileReference; explicitFileType = wrapper.application; includeInIndex = 0; path = Africa.app; sourceTree = BUILT_PRODUCTS_DIR; };
		ADCD265725C5D42C00004846 /* AfricaApp.swift */ = {isa = PBXFileReference; lastKnownFileType = sourcecode.swift; path = AfricaApp.swift; sourceTree = "<group>"; };
		ADCD265925C5D42C00004846 /* ContentView.swift */ = {isa = PBXFileReference; lastKnownFileType = sourcecode.swift; path = ContentView.swift; sourceTree = "<group>"; };
		ADCD265B25C5D43000004846 /* Assets.xcassets */ = {isa = PBXFileReference; lastKnownFileType = folder.assetcatalog; path = Assets.xcassets; sourceTree = "<group>"; };
		ADCD265E25C5D43000004846 /* Preview Assets.xcassets */ = {isa = PBXFileReference; lastKnownFileType = folder.assetcatalog; path = "Preview Assets.xcassets"; sourceTree = "<group>"; };
		ADCD266025C5D43000004846 /* Info.plist */ = {isa = PBXFileReference; lastKnownFileType = text.plist.xml; path = Info.plist; sourceTree = "<group>"; };
		ADCD266825C5D69A00004846 /* cheetah.mp4 */ = {isa = PBXFileReference; lastKnownFileType = file; path = cheetah.mp4; sourceTree = "<group>"; };
		ADCD266925C5D69A00004846 /* zebra.mp4 */ = {isa = PBXFileReference; lastKnownFileType = file; path = zebra.mp4; sourceTree = "<group>"; };
		ADCD266A25C5D69A00004846 /* elephant.mp4 */ = {isa = PBXFileReference; lastKnownFileType = file; path = elephant.mp4; sourceTree = "<group>"; };
		ADCD266B25C5D69A00004846 /* hippo.mp4 */ = {isa = PBXFileReference; lastKnownFileType = file; path = hippo.mp4; sourceTree = "<group>"; };
		ADCD266C25C5D69A00004846 /* lion.mp4 */ = {isa = PBXFileReference; lastKnownFileType = file; path = lion.mp4; sourceTree = "<group>"; };
		ADCD266D25C5D69B00004846 /* gorilla.mp4 */ = {isa = PBXFileReference; lastKnownFileType = file; path = gorilla.mp4; sourceTree = "<group>"; };
		ADCD266E25C5D69B00004846 /* lioness.mp4 */ = {isa = PBXFileReference; lastKnownFileType = file; path = lioness.mp4; sourceTree = "<group>"; };
		ADCD266F25C5D69B00004846 /* ostrich.mp4 */ = {isa = PBXFileReference; lastKnownFileType = file; path = ostrich.mp4; sourceTree = "<group>"; };
		ADCD267025C5D69B00004846 /* rhino.mp4 */ = {isa = PBXFileReference; lastKnownFileType = file; path = rhino.mp4; sourceTree = "<group>"; };
		ADCD267125C5D69B00004846 /* giraffe.mp4 */ = {isa = PBXFileReference; lastKnownFileType = file; path = giraffe.mp4; sourceTree = "<group>"; };
		ADCD267E25C5D6DE00004846 /* locations.json */ = {isa = PBXFileReference; fileEncoding = 4; lastKnownFileType = text.json; path = locations.json; sourceTree = "<group>"; };
		ADCD267F25C5D6DE00004846 /* animals.json */ = {isa = PBXFileReference; fileEncoding = 4; lastKnownFileType = text.json; path = animals.json; sourceTree = "<group>"; };
		ADCD268025C5D6DE00004846 /* covers.json */ = {isa = PBXFileReference; fileEncoding = 4; lastKnownFileType = text.json; path = covers.json; sourceTree = "<group>"; };
		ADCD268125C5D6DE00004846 /* videos.json */ = {isa = PBXFileReference; fileEncoding = 4; lastKnownFileType = text.json; path = videos.json; sourceTree = "<group>"; };
		ADF7FCCB25F1748D0049D536 /* HeadingView.swift */ = {isa = PBXFileReference; lastKnownFileType = sourcecode.swift; path = HeadingView.swift; sourceTree = "<group>"; };
		ADF7FCCE25F176EE0049D536 /* InsetGalleryView.swift */ = {isa = PBXFileReference; lastKnownFileType = sourcecode.swift; path = InsetGalleryView.swift; sourceTree = "<group>"; };
		ADF7FCD125F180480049D536 /* InsetFactView.swift */ = {isa = PBXFileReference; lastKnownFileType = sourcecode.swift; path = InsetFactView.swift; sourceTree = "<group>"; };
		ADF7FCD425F184E80049D536 /* InsetMapView.swift */ = {isa = PBXFileReference; lastKnownFileType = sourcecode.swift; path = InsetMapView.swift; sourceTree = "<group>"; };
/* End PBXFileReference section */

/* Begin PBXFrameworksBuildPhase section */
		ADCD265125C5D42C00004846 /* Frameworks */ = {
			isa = PBXFrameworksBuildPhase;
			buildActionMask = 2147483647;
			files = (
			);
			runOnlyForDeploymentPostprocessing = 0;
		};
/* End PBXFrameworksBuildPhase section */

/* Begin PBXGroup section */
		ADA99ECE25D084B90044EA2D /* Model */ = {
			isa = PBXGroup;
			children = (
				ADA99ECF25D084DE0044EA2D /* CoverImageModel.swift */,
				AD65123C25D1A22A0039104B /* AnimalModel.swift */,
			);
			path = Model;
			sourceTree = "<group>";
		};
		ADA99ED225D0863E0044EA2D /* Extension */ = {
			isa = PBXGroup;
			children = (
				ADA99ED325D0865D0044EA2D /* CodeableBundleExtension.swift */,
			);
			path = Extension;
			sourceTree = "<group>";
		};
		ADB2052E25D0417F00C98338 /* View */ = {
			isa = PBXGroup;
			children = (
				ADB2052F25D0419500C98338 /* CoverImageView.swift */,
				AD65123825D19FA10039104B /* AnimalListItemView.swift */,
				AD525D3825DB423500B00A13 /* AnimalDetailView.swift */,
				ADF7FCCB25F1748D0049D536 /* HeadingView.swift */,
				ADF7FCCE25F176EE0049D536 /* InsetGalleryView.swift */,
				ADF7FCD125F180480049D536 /* InsetFactView.swift */,
				ADF7FCD425F184E80049D536 /* InsetMapView.swift */,
			);
			path = View;
			sourceTree = "<group>";
		};
		ADC4053B25C73D47003E3671 /* App */ = {
			isa = PBXGroup;
			children = (
				ADCD265725C5D42C00004846 /* AfricaApp.swift */,
				ADCD265925C5D42C00004846 /* ContentView.swift */,
				ADC4053D25C73DA4003E3671 /* VideoListView.swift */,
				ADC4054025C73DB8003E3671 /* MapView.swift */,
				ADC4054325C73DCC003E3671 /* GalleryView.swift */,
				ADC4054625C73DDB003E3671 /* MainView.swift */,
			);
			path = App;
			sourceTree = "<group>";
		};
		ADCD264B25C5D42C00004846 = {
			isa = PBXGroup;
			children = (
				ADCD265625C5D42C00004846 /* Africa */,
				ADCD265525C5D42C00004846 /* Products */,
			);
			sourceTree = "<group>";
		};
		ADCD265525C5D42C00004846 /* Products */ = {
			isa = PBXGroup;
			children = (
				ADCD265425C5D42C00004846 /* Africa.app */,
			);
			name = Products;
			sourceTree = "<group>";
		};
		ADCD265625C5D42C00004846 /* Africa */ = {
			isa = PBXGroup;
			children = (
				ADC4053B25C73D47003E3671 /* App */,
				ADB2052E25D0417F00C98338 /* View */,
				ADA99ED225D0863E0044EA2D /* Extension */,
				ADA99ECE25D084B90044EA2D /* Model */,
				ADCD267D25C5D6C100004846 /* Data */,
				ADCD266725C5D67200004846 /* Video */,
				ADCD265B25C5D43000004846 /* Assets.xcassets */,
				ADCD266025C5D43000004846 /* Info.plist */,
				ADCD265D25C5D43000004846 /* Preview Content */,
			);
			path = Africa;
			sourceTree = "<group>";
		};
		ADCD265D25C5D43000004846 /* Preview Content */ = {
			isa = PBXGroup;
			children = (
				ADCD265E25C5D43000004846 /* Preview Assets.xcassets */,
			);
			path = "Preview Content";
			sourceTree = "<group>";
		};
		ADCD266725C5D67200004846 /* Video */ = {
			isa = PBXGroup;
			children = (
				ADCD266825C5D69A00004846 /* cheetah.mp4 */,
				ADCD266A25C5D69A00004846 /* elephant.mp4 */,
				ADCD267125C5D69B00004846 /* giraffe.mp4 */,
				ADCD266D25C5D69B00004846 /* gorilla.mp4 */,
				ADCD266B25C5D69A00004846 /* hippo.mp4 */,
				ADCD266C25C5D69A00004846 /* lion.mp4 */,
				ADCD266E25C5D69B00004846 /* lioness.mp4 */,
				ADCD266F25C5D69B00004846 /* ostrich.mp4 */,
				ADCD267025C5D69B00004846 /* rhino.mp4 */,
				ADCD266925C5D69A00004846 /* zebra.mp4 */,
			);
			path = Video;
			sourceTree = "<group>";
		};
		ADCD267D25C5D6C100004846 /* Data */ = {
			isa = PBXGroup;
			children = (
				ADCD267F25C5D6DE00004846 /* animals.json */,
				ADCD268025C5D6DE00004846 /* covers.json */,
				ADCD267E25C5D6DE00004846 /* locations.json */,
				ADCD268125C5D6DE00004846 /* videos.json */,
			);
			path = Data;
			sourceTree = "<group>";
		};
/* End PBXGroup section */

/* Begin PBXNativeTarget section */
		ADCD265325C5D42C00004846 /* Africa */ = {
			isa = PBXNativeTarget;
			buildConfigurationList = ADCD266325C5D43000004846 /* Build configuration list for PBXNativeTarget "Africa" */;
			buildPhases = (
				ADCD265025C5D42C00004846 /* Sources */,
				ADCD265125C5D42C00004846 /* Frameworks */,
				ADCD265225C5D42C00004846 /* Resources */,
			);
			buildRules = (
			);
			dependencies = (
			);
			name = Africa;
			productName = Africa;
			productReference = ADCD265425C5D42C00004846 /* Africa.app */;
			productType = "com.apple.product-type.application";
		};
/* End PBXNativeTarget section */

/* Begin PBXProject section */
		ADCD264C25C5D42C00004846 /* Project object */ = {
			isa = PBXProject;
			attributes = {
				LastSwiftUpdateCheck = 1230;
				LastUpgradeCheck = 1230;
				TargetAttributes = {
					ADCD265325C5D42C00004846 = {
						CreatedOnToolsVersion = 12.3;
					};
				};
			};
			buildConfigurationList = ADCD264F25C5D42C00004846 /* Build configuration list for PBXProject "Africa" */;
			compatibilityVersion = "Xcode 9.3";
			developmentRegion = en;
			hasScannedForEncodings = 0;
			knownRegions = (
				en,
				Base,
			);
			mainGroup = ADCD264B25C5D42C00004846;
			productRefGroup = ADCD265525C5D42C00004846 /* Products */;
			projectDirPath = "";
			projectRoot = "";
			targets = (
				ADCD265325C5D42C00004846 /* Africa */,
			);
		};
/* End PBXProject section */

/* Begin PBXResourcesBuildPhase section */
		ADCD265225C5D42C00004846 /* Resources */ = {
			isa = PBXResourcesBuildPhase;
			buildActionMask = 2147483647;
			files = (
				ADCD268225C5D6DE00004846 /* locations.json in Resources */,
				ADCD267325C5D69B00004846 /* zebra.mp4 in Resources */,
				ADCD265F25C5D43000004846 /* Preview Assets.xcassets in Resources */,
				ADCD267B25C5D69B00004846 /* giraffe.mp4 in Resources */,
				ADCD267825C5D69B00004846 /* lioness.mp4 in Resources */,
				ADCD267625C5D69B00004846 /* lion.mp4 in Resources */,
				ADCD265C25C5D43000004846 /* Assets.xcassets in Resources */,
				ADCD268325C5D6DE00004846 /* animals.json in Resources */,
				ADCD267725C5D69B00004846 /* gorilla.mp4 in Resources */,
				ADCD267425C5D69B00004846 /* elephant.mp4 in Resources */,
				ADCD268425C5D6DE00004846 /* covers.json in Resources */,
				ADCD267525C5D69B00004846 /* hippo.mp4 in Resources */,
				ADCD267925C5D69B00004846 /* ostrich.mp4 in Resources */,
				ADCD268525C5D6DE00004846 /* videos.json in Resources */,
				ADCD267A25C5D69B00004846 /* rhino.mp4 in Resources */,
				ADCD267225C5D69B00004846 /* cheetah.mp4 in Resources */,
			);
			runOnlyForDeploymentPostprocessing = 0;
		};
/* End PBXResourcesBuildPhase section */

/* Begin PBXSourcesBuildPhase section */
		ADCD265025C5D42C00004846 /* Sources */ = {
			isa = PBXSourcesBuildPhase;
			buildActionMask = 2147483647;
			files = (
				ADCD265A25C5D42C00004846 /* ContentView.swift in Sources */,
				AD65123925D19FA10039104B /* AnimalListItemView.swift in Sources */,
				ADC4054725C73DDB003E3671 /* MainView.swift in Sources */,
				ADF7FCD225F180480049D536 /* InsetFactView.swift in Sources */,
				ADB2053025D0419500C98338 /* CoverImageView.swift in Sources */,
				ADA99ED025D084DE0044EA2D /* CoverImageModel.swift in Sources */,
				AD525D3925DB423500B00A13 /* AnimalDetailView.swift in Sources */,
				AD65123D25D1A22A0039104B /* AnimalModel.swift in Sources */,
				ADC4054125C73DB8003E3671 /* MapView.swift in Sources */,
				ADF7FCD525F184E80049D536 /* InsetMapView.swift in Sources */,
				ADCD265825C5D42C00004846 /* AfricaApp.swift in Sources */,
				ADC4053E25C73DA4003E3671 /* VideoListView.swift in Sources */,
				ADC4054425C73DCC003E3671 /* GalleryView.swift in Sources */,
				ADF7FCCF25F176EE0049D536 /* InsetGalleryView.swift in Sources */,
				ADA99ED425D0865D0044EA2D /* CodeableBundleExtension.swift in Sources */,
				ADF7FCCC25F1748D0049D536 /* HeadingView.swift in Sources */,
			);
			runOnlyForDeploymentPostprocessing = 0;
		};
/* End PBXSourcesBuildPhase section */

/* Begin XCBuildConfiguration section */
		ADCD266125C5D43000004846 /* Debug */ = {
			isa = XCBuildConfiguration;
			buildSettings = {
				ALWAYS_SEARCH_USER_PATHS = NO;
				CLANG_ANALYZER_NONNULL = YES;
				CLANG_ANALYZER_NUMBER_OBJECT_CONVERSION = YES_AGGRESSIVE;
				CLANG_CXX_LANGUAGE_STANDARD = "gnu++14";
				CLANG_CXX_LIBRARY = "libc++";
				CLANG_ENABLE_MODULES = YES;
				CLANG_ENABLE_OBJC_ARC = YES;
				CLANG_ENABLE_OBJC_WEAK = YES;
				CLANG_WARN_BLOCK_CAPTURE_AUTORELEASING = YES;
				CLANG_WARN_BOOL_CONVERSION = YES;
				CLANG_WARN_COMMA = YES;
				CLANG_WARN_CONSTANT_CONVERSION = YES;
				CLANG_WARN_DEPRECATED_OBJC_IMPLEMENTATIONS = YES;
				CLANG_WARN_DIRECT_OBJC_ISA_USAGE = YES_ERROR;
				CLANG_WARN_DOCUMENTATION_COMMENTS = YES;
				CLANG_WARN_EMPTY_BODY = YES;
				CLANG_WARN_ENUM_CONVERSION = YES;
				CLANG_WARN_INFINITE_RECURSION = YES;
				CLANG_WARN_INT_CONVERSION = YES;
				CLANG_WARN_NON_LITERAL_NULL_CONVERSION = YES;
				CLANG_WARN_OBJC_IMPLICIT_RETAIN_SELF = YES;
				CLANG_WARN_OBJC_LITERAL_CONVERSION = YES;
				CLANG_WARN_OBJC_ROOT_CLASS = YES_ERROR;
				CLANG_WARN_QUOTED_INCLUDE_IN_FRAMEWORK_HEADER = YES;
				CLANG_WARN_RANGE_LOOP_ANALYSIS = YES;
				CLANG_WARN_STRICT_PROTOTYPES = YES;
				CLANG_WARN_SUSPICIOUS_MOVE = YES;
				CLANG_WARN_UNGUARDED_AVAILABILITY = YES_AGGRESSIVE;
				CLANG_WARN_UNREACHABLE_CODE = YES;
				CLANG_WARN__DUPLICATE_METHOD_MATCH = YES;
				COPY_PHASE_STRIP = NO;
				DEBUG_INFORMATION_FORMAT = dwarf;
				ENABLE_STRICT_OBJC_MSGSEND = YES;
				ENABLE_TESTABILITY = YES;
				GCC_C_LANGUAGE_STANDARD = gnu11;
				GCC_DYNAMIC_NO_PIC = NO;
				GCC_NO_COMMON_BLOCKS = YES;
				GCC_OPTIMIZATION_LEVEL = 0;
				GCC_PREPROCESSOR_DEFINITIONS = (
					"DEBUG=1",
					"$(inherited)",
				);
				GCC_WARN_64_TO_32_BIT_CONVERSION = YES;
				GCC_WARN_ABOUT_RETURN_TYPE = YES_ERROR;
				GCC_WARN_UNDECLARED_SELECTOR = YES;
				GCC_WARN_UNINITIALIZED_AUTOS = YES_AGGRESSIVE;
				GCC_WARN_UNUSED_FUNCTION = YES;
				GCC_WARN_UNUSED_VARIABLE = YES;
				IPHONEOS_DEPLOYMENT_TARGET = 14.3;
				MTL_ENABLE_DEBUG_INFO = INCLUDE_SOURCE;
				MTL_FAST_MATH = YES;
				ONLY_ACTIVE_ARCH = YES;
				SDKROOT = iphoneos;
				SWIFT_ACTIVE_COMPILATION_CONDITIONS = DEBUG;
				SWIFT_OPTIMIZATION_LEVEL = "-Onone";
			};
			name = Debug;
		};
		ADCD266225C5D43000004846 /* Release */ = {
			isa = XCBuildConfiguration;
			buildSettings = {
				ALWAYS_SEARCH_USER_PATHS = NO;
				CLANG_ANALYZER_NONNULL = YES;
				CLANG_ANALYZER_NUMBER_OBJECT_CONVERSION = YES_AGGRESSIVE;
				CLANG_CXX_LANGUAGE_STANDARD = "gnu++14";
				CLANG_CXX_LIBRARY = "libc++";
				CLANG_ENABLE_MODULES = YES;
				CLANG_ENABLE_OBJC_ARC = YES;
				CLANG_ENABLE_OBJC_WEAK = YES;
				CLANG_WARN_BLOCK_CAPTURE_AUTORELEASING = YES;
				CLANG_WARN_BOOL_CONVERSION = YES;
				CLANG_WARN_COMMA = YES;
				CLANG_WARN_CONSTANT_CONVERSION = YES;
				CLANG_WARN_DEPRECATED_OBJC_IMPLEMENTATIONS = YES;
				CLANG_WARN_DIRECT_OBJC_ISA_USAGE = YES_ERROR;
				CLANG_WARN_DOCUMENTATION_COMMENTS = YES;
				CLANG_WARN_EMPTY_BODY = YES;
				CLANG_WARN_ENUM_CONVERSION = YES;
				CLANG_WARN_INFINITE_RECURSION = YES;
				CLANG_WARN_INT_CONVERSION = YES;
				CLANG_WARN_NON_LITERAL_NULL_CONVERSION = YES;
				CLANG_WARN_OBJC_IMPLICIT_RETAIN_SELF = YES;
				CLANG_WARN_OBJC_LITERAL_CONVERSION = YES;
				CLANG_WARN_OBJC_ROOT_CLASS = YES_ERROR;
				CLANG_WARN_QUOTED_INCLUDE_IN_FRAMEWORK_HEADER = YES;
				CLANG_WARN_RANGE_LOOP_ANALYSIS = YES;
				CLANG_WARN_STRICT_PROTOTYPES = YES;
				CLANG_WARN_SUSPICIOUS_MOVE = YES;
				CLANG_WARN_UNGUARDED_AVAILABILITY = YES_AGGRESSIVE;
				CLANG_WARN_UNREACHABLE_CODE = YES;
				CLANG_WARN__DUPLICATE_METHOD_MATCH = YES;
				COPY_PHASE_STRIP = NO;
				DEBUG_INFORMATION_FORMAT = "dwarf-with-dsym";
				ENABLE_NS_ASSERTIONS = NO;
				ENABLE_STRICT_OBJC_MSGSEND = YES;
				GCC_C_LANGUAGE_STANDARD = gnu11;
				GCC_NO_COMMON_BLOCKS = YES;
				GCC_WARN_64_TO_32_BIT_CONVERSION = YES;
				GCC_WARN_ABOUT_RETURN_TYPE = YES_ERROR;
				GCC_WARN_UNDECLARED_SELECTOR = YES;
				GCC_WARN_UNINITIALIZED_AUTOS = YES_AGGRESSIVE;
				GCC_WARN_UNUSED_FUNCTION = YES;
				GCC_WARN_UNUSED_VARIABLE = YES;
				IPHONEOS_DEPLOYMENT_TARGET = 14.3;
				MTL_ENABLE_DEBUG_INFO = NO;
				MTL_FAST_MATH = YES;
				SDKROOT = iphoneos;
				SWIFT_COMPILATION_MODE = wholemodule;
				SWIFT_OPTIMIZATION_LEVEL = "-O";
				VALIDATE_PRODUCT = YES;
			};
			name = Release;
		};
		ADCD266425C5D43000004846 /* Debug */ = {
			isa = XCBuildConfiguration;
			buildSettings = {
				ASSETCATALOG_COMPILER_APPICON_NAME = AppIcon;
				ASSETCATALOG_COMPILER_GLOBAL_ACCENT_COLOR_NAME = AccentColor;
				CODE_SIGN_STYLE = Automatic;
				DEVELOPMENT_ASSET_PATHS = "\"Africa/Preview Content\"";
				DEVELOPMENT_TEAM = 4P4DZ6SFSK;
				ENABLE_PREVIEWS = YES;
				INFOPLIST_FILE = Africa/Info.plist;
				IPHONEOS_DEPLOYMENT_TARGET = 14.0;
				LD_RUNPATH_SEARCH_PATHS = (
					"$(inherited)",
					"@executable_path/Frameworks",
				);
				PRODUCT_BUNDLE_IDENTIFIER = com.progressbyproject.Africa;
				PRODUCT_NAME = "$(TARGET_NAME)";
				SWIFT_VERSION = 5.0;
				TARGETED_DEVICE_FAMILY = "1,2";
			};
			name = Debug;
		};
		ADCD266525C5D43000004846 /* Release */ = {
			isa = XCBuildConfiguration;
			buildSettings = {
				ASSETCATALOG_COMPILER_APPICON_NAME = AppIcon;
				ASSETCATALOG_COMPILER_GLOBAL_ACCENT_COLOR_NAME = AccentColor;
				CODE_SIGN_STYLE = Automatic;
				DEVELOPMENT_ASSET_PATHS = "\"Africa/Preview Content\"";
				DEVELOPMENT_TEAM = 4P4DZ6SFSK;
				ENABLE_PREVIEWS = YES;
				INFOPLIST_FILE = Africa/Info.plist;
				IPHONEOS_DEPLOYMENT_TARGET = 14.0;
				LD_RUNPATH_SEARCH_PATHS = (
					"$(inherited)",
					"@executable_path/Frameworks",
				);
				PRODUCT_BUNDLE_IDENTIFIER = com.progressbyproject.Africa;
				PRODUCT_NAME = "$(TARGET_NAME)";
				SWIFT_VERSION = 5.0;
				TARGETED_DEVICE_FAMILY = "1,2";
			};
			name = Release;
		};
/* End XCBuildConfiguration section */

/* Begin XCConfigurationList section */
		ADCD264F25C5D42C00004846 /* Build configuration list for PBXProject "Africa" */ = {
			isa = XCConfigurationList;
			buildConfigurations = (
				ADCD266125C5D43000004846 /* Debug */,
				ADCD266225C5D43000004846 /* Release */,
			);
			defaultConfigurationIsVisible = 0;
			defaultConfigurationName = Release;
		};
		ADCD266325C5D43000004846 /* Build configuration list for PBXNativeTarget "Africa" */ = {
			isa = XCConfigurationList;
			buildConfigurations = (
				ADCD266425C5D43000004846 /* Debug */,
				ADCD266525C5D43000004846 /* Release */,
			);
			defaultConfigurationIsVisible = 0;
			defaultConfigurationName = Release;
		};
/* End XCConfigurationList section */
	};
	rootObject = ADCD264C25C5D42C00004846 /* Project object */;
}
